
Microsoft Visual Studio Solution File, Format Version 12.00
# Visual Studio Version 16
VisualStudioVersion = 16.0.32228.343
MinimumVisualStudioVersion = 10.0.40219.1
Project("{9A19103F-16F7-4668-BE54-9A1E7A4F7556}") = "Sport_Shop", "Sport_Shop\Sport_Shop.csproj", "{F6F5DEAF-449A-4835-ACD4-11B1F411FC68}"
EndProject
Global
	GlobalSection(SolutionConfigurationPlatforms) = preSolution
		Debug|Any CPU = Debug|Any CPU
		Release|Any CPU = Release|Any CPU
	EndGlobalSection
	GlobalSection(ProjectConfigurationPlatforms) = postSolution
		{F6F5DEAF-449A-4835-ACD4-11B1F411FC68}.Debug|Any CPU.ActiveCfg = Debug|Any CPU
		{F6F5DEAF-449A-4835-ACD4-11B1F411FC68}.Debug|Any CPU.Build.0 = Debug|Any CPU
		{F6F5DEAF-449A-4835-ACD4-11B1F411FC68}.Release|Any CPU.ActiveCfg = Release|Any CPU
		{F6F5DEAF-449A-4835-ACD4-11B1F411FC68}.Release|Any CPU.Build.0 = Release|Any CPU
	EndGlobalSection
	GlobalSection(SolutionProperties) = preSolution
		HideSolutionNode = FALSE
	EndGlobalSection
	GlobalSection(ExtensibilityGlobals) = postSolution
		SolutionGuid = {97AC8F9F-1AC1-4DC8-8ADD-E6F071634C69}
	EndGlobalSection
EndGlobal
